
Microsoft Visual Studio Solution File, Format Version 12.00
# Visual Studio Version 17
VisualStudioVersion = 17.12.35527.113 d17.12
MinimumVisualStudioVersion = 10.0.40219.1
Project("{FAE04EC0-301F-11D3-BF4B-00C04F79EFBC}") = "Eduva.API", "src\Eduva.API\Eduva.API.csproj", "{29AA90CD-0B13-4ABF-95F1-C678BC1186C5}"
EndProject
Project("{2150E333-8FDC-42A3-9474-1A3956D46DE8}") = "src", "src", "{E9E40E98-3A8F-4FA5-9A7D-6A1268EB037B}"
EndProject
Project("{2150E333-8FDC-42A3-9474-1A3956D46DE8}") = "tests", "tests", "{DB076CFB-678F-46DA-8260-2EBA0F162EC9}"
EndProject
Project("{FAE04EC0-301F-11D3-BF4B-00C04F79EFBC}") = "Eduva.API.Test", "tests\Eduva.API.Test\Eduva.API.Test.csproj", "{40390F23-2986-451A-A3CD-C4537F1DC0AD}"
EndProject
Project("{FAE04EC0-301F-11D3-BF4B-00C04F79EFBC}") = "Eduva.Infrastructure", "src\Eduva.Infrastructure\Eduva.Infrastructure.csproj", "{B2C66A4D-F2FC-473D-A76B-498D90110005}"
EndProject
Project("{FAE04EC0-301F-11D3-BF4B-00C04F79EFBC}") = "Eduva.Application", "src\Eduva.Application\Eduva.Application.csproj", "{87AA902E-DDA6-495C-8CD5-1D6CC5FE4A7E}"
EndProject
Project("{FAE04EC0-301F-11D3-BF4B-00C04F79EFBC}") = "Eduva.Domain", "src\Eduva.Domain\Eduva.Domain.csproj", "{F7086EEC-D17B-4F88-A4FE-C520E87B6761}"
EndProject
Project("{FAE04EC0-301F-11D3-BF4B-00C04F79EFBC}") = "Eduva.Shared", "src\Eduva.Shared\Eduva.Shared.csproj", "{1BF3E969-AD57-49E2-8AB9-EA1EC013CCCD}"
EndProject
Project("{FAE04EC0-301F-11D3-BF4B-00C04F79EFBC}") = "Eduva.Infrastructure.Test", "tests\Eduva.Infrastructure.Test\Eduva.Infrastructure.Test.csproj", "{76557557-5B84-4ED3-BC5A-77445A7D8F67}"
EndProject
Project("{FAE04EC0-301F-11D3-BF4B-00C04F79EFBC}") = "Eduva.Application.Test", "tests\Eduva.Application.Test\Eduva.Application.Test.csproj", "{555FC438-BF00-4A11-A6C4-E00C14B07A69}"
EndProject
Project("{FAE04EC0-301F-11D3-BF4B-00C04F79EFBC}") = "Eduva.Domain.Test", "tests\Eduva.Domain.Test\Eduva.Domain.Test.csproj", "{39C6B523-1EDC-4369-991D-725A904D21F5}"
EndProject
Global
	GlobalSection(SolutionConfigurationPlatforms) = preSolution
		Debug|Any CPU = Debug|Any CPU
		Release|Any CPU = Release|Any CPU
	EndGlobalSection
	GlobalSection(ProjectConfigurationPlatforms) = postSolution
		{29AA90CD-0B13-4ABF-95F1-C678BC1186C5}.Debug|Any CPU.ActiveCfg = Debug|Any CPU
		{29AA90CD-0B13-4ABF-95F1-C678BC1186C5}.Debug|Any CPU.Build.0 = Debug|Any CPU
		{29AA90CD-0B13-4ABF-95F1-C678BC1186C5}.Release|Any CPU.ActiveCfg = Release|Any CPU
		{29AA90CD-0B13-4ABF-95F1-C678BC1186C5}.Release|Any CPU.Build.0 = Release|Any CPU
		{40390F23-2986-451A-A3CD-C4537F1DC0AD}.Debug|Any CPU.ActiveCfg = Debug|Any CPU
		{40390F23-2986-451A-A3CD-C4537F1DC0AD}.Debug|Any CPU.Build.0 = Debug|Any CPU
		{40390F23-2986-451A-A3CD-C4537F1DC0AD}.Release|Any CPU.ActiveCfg = Release|Any CPU
		{40390F23-2986-451A-A3CD-C4537F1DC0AD}.Release|Any CPU.Build.0 = Release|Any CPU
		{B2C66A4D-F2FC-473D-A76B-498D90110005}.Debug|Any CPU.ActiveCfg = Debug|Any CPU
		{B2C66A4D-F2FC-473D-A76B-498D90110005}.Debug|Any CPU.Build.0 = Debug|Any CPU
		{B2C66A4D-F2FC-473D-A76B-498D90110005}.Release|Any CPU.ActiveCfg = Release|Any CPU
		{B2C66A4D-F2FC-473D-A76B-498D90110005}.Release|Any CPU.Build.0 = Release|Any CPU
		{87AA902E-DDA6-495C-8CD5-1D6CC5FE4A7E}.Debug|Any CPU.ActiveCfg = Debug|Any CPU
		{87AA902E-DDA6-495C-8CD5-1D6CC5FE4A7E}.Debug|Any CPU.Build.0 = Debug|Any CPU
		{87AA902E-DDA6-495C-8CD5-1D6CC5FE4A7E}.Release|Any CPU.ActiveCfg = Release|Any CPU
		{87AA902E-DDA6-495C-8CD5-1D6CC5FE4A7E}.Release|Any CPU.Build.0 = Release|Any CPU
		{F7086EEC-D17B-4F88-A4FE-C520E87B6761}.Debug|Any CPU.ActiveCfg = Debug|Any CPU
		{F7086EEC-D17B-4F88-A4FE-C520E87B6761}.Debug|Any CPU.Build.0 = Debug|Any CPU
		{F7086EEC-D17B-4F88-A4FE-C520E87B6761}.Release|Any CPU.ActiveCfg = Release|Any CPU
		{F7086EEC-D17B-4F88-A4FE-C520E87B6761}.Release|Any CPU.Build.0 = Release|Any CPU
		{1BF3E969-AD57-49E2-8AB9-EA1EC013CCCD}.Debug|Any CPU.ActiveCfg = Debug|Any CPU
		{1BF3E969-AD57-49E2-8AB9-EA1EC013CCCD}.Debug|Any CPU.Build.0 = Debug|Any CPU
		{1BF3E969-AD57-49E2-8AB9-EA1EC013CCCD}.Release|Any CPU.ActiveCfg = Release|Any CPU
		{1BF3E969-AD57-49E2-8AB9-EA1EC013CCCD}.Release|Any CPU.Build.0 = Release|Any CPU
		{76557557-5B84-4ED3-BC5A-77445A7D8F67}.Debug|Any CPU.ActiveCfg = Debug|Any CPU
		{76557557-5B84-4ED3-BC5A-77445A7D8F67}.Debug|Any CPU.Build.0 = Debug|Any CPU
		{76557557-5B84-4ED3-BC5A-77445A7D8F67}.Release|Any CPU.ActiveCfg = Release|Any CPU
		{76557557-5B84-4ED3-BC5A-77445A7D8F67}.Release|Any CPU.Build.0 = Release|Any CPU
		{555FC438-BF00-4A11-A6C4-E00C14B07A69}.Debug|Any CPU.ActiveCfg = Debug|Any CPU
		{555FC438-BF00-4A11-A6C4-E00C14B07A69}.Debug|Any CPU.Build.0 = Debug|Any CPU
		{555FC438-BF00-4A11-A6C4-E00C14B07A69}.Release|Any CPU.ActiveCfg = Release|Any CPU
		{555FC438-BF00-4A11-A6C4-E00C14B07A69}.Release|Any CPU.Build.0 = Release|Any CPU
		{39C6B523-1EDC-4369-991D-725A904D21F5}.Debug|Any CPU.ActiveCfg = Debug|Any CPU
		{39C6B523-1EDC-4369-991D-725A904D21F5}.Debug|Any CPU.Build.0 = Debug|Any CPU
		{39C6B523-1EDC-4369-991D-725A904D21F5}.Release|Any CPU.ActiveCfg = Release|Any CPU
		{39C6B523-1EDC-4369-991D-725A904D21F5}.Release|Any CPU.Build.0 = Release|Any CPU
	EndGlobalSection
	GlobalSection(SolutionProperties) = preSolution
		HideSolutionNode = FALSE
	EndGlobalSection
	GlobalSection(NestedProjects) = preSolution
		{29AA90CD-0B13-4ABF-95F1-C678BC1186C5} = {E9E40E98-3A8F-4FA5-9A7D-6A1268EB037B}
		{40390F23-2986-451A-A3CD-C4537F1DC0AD} = {DB076CFB-678F-46DA-8260-2EBA0F162EC9}
		{B2C66A4D-F2FC-473D-A76B-498D90110005} = {E9E40E98-3A8F-4FA5-9A7D-6A1268EB037B}
		{87AA902E-DDA6-495C-8CD5-1D6CC5FE4A7E} = {E9E40E98-3A8F-4FA5-9A7D-6A1268EB037B}
		{F7086EEC-D17B-4F88-A4FE-C520E87B6761} = {E9E40E98-3A8F-4FA5-9A7D-6A1268EB037B}
		{1BF3E969-AD57-49E2-8AB9-EA1EC013CCCD} = {E9E40E98-3A8F-4FA5-9A7D-6A1268EB037B}
		{76557557-5B84-4ED3-BC5A-77445A7D8F67} = {DB076CFB-678F-46DA-8260-2EBA0F162EC9}
		{555FC438-BF00-4A11-A6C4-E00C14B07A69} = {DB076CFB-678F-46DA-8260-2EBA0F162EC9}
		{39C6B523-1EDC-4369-991D-725A904D21F5} = {DB076CFB-678F-46DA-8260-2EBA0F162EC9}
	EndGlobalSection
EndGlobal
